{
  "name": "tenda-lunch",
  "version": "1.0.0",
  "lockfileVersion": 1,
  "requires": true,
  "dependencies": {
    "lodash": {
      "version": "4.17.4",
      "resolved": "https://registry.npmjs.org/lodash/-/lodash-4.17.4.tgz",
      "integrity": "sha1-eCA6TRwyiuHYbcpkYONptX9AVa4="
    },
    "options": {
      "version": "0.0.6",
      "resolved": "https://registry.npmjs.org/options/-/options-0.0.6.tgz",
      "integrity": "sha1-7CLTEoBrtT5zF3Pnza788cZDEo8="
    },
    "slack": {
      "version": "8.3.1",
      "resolved": "https://registry.npmjs.org/slack/-/slack-8.3.1.tgz",
      "integrity": "sha1-ToNg3VT+oaYlWl3ah0aki/u3T/A=",
      "requires": {
        "tiny-json-http": "5.1.1",
        "ws": "1.1.4"
      }
    },
    "tiny-json-http": {
      "version": "5.1.1",
      "resolved": "https://registry.npmjs.org/tiny-json-http/-/tiny-json-http-5.1.1.tgz",
      "integrity": "sha1-LxIiMArKv+zz7nuwejUKcvgv9xg="
    },
    "ultron": {
      "version": "1.0.2",
      "resolved": "https://registry.npmjs.org/ultron/-/ultron-1.0.2.tgz",
      "integrity": "sha1-rOEWq1V80Zc4ak6I9GhTeMiy5Po="
    },
    "ws": {
      "version": "1.1.4",
      "resolved": "https://registry.npmjs.org/ws/-/ws-1.1.4.tgz",
      "integrity": "sha1-V/QNA2gy5fUFVmKjl8Tedu1mv2E=",
      "requires": {
        "options": "0.0.6",
        "ultron": "1.0.2"
      }
    }
  }
}
